PODS:
  - SDWebImage (5.6.1):
    - SDWebImage/Core (= 5.6.1)
  - SDWebImage/Core (5.6.1)

DEPENDENCIES:
  - SDWebImage (~> 5.0)

SPEC REPOS:
  trunk:
    - SDWebImage

SPEC CHECKSUMS:
  SDWebImage: 7edb9c3ea661e77a66661f7f044de8c1b55d1120

PODFILE CHECKSUM: 41c5046b171f81daf8ab7826980cd701993c6bbe

COCOAPODS: 1.9.1
